// !$*UTF8*$!
{
	archiveVersion = 1;
	classes = {
	};
	objectVersion = 50;
	objects = {

/* Begin PBXBuildFile section */
		2F6FD44127B3D8940091BD8D /* AppDelegate.swift in Sources */ = {isa = PBXBuildFile; fileRef = 2F6FD44027B3D8940091BD8D /* AppDelegate.swift */; };
		2F6FD44327B3D8940091BD8D /* SceneDelegate.swift in Sources */ = {isa = PBXBuildFile; fileRef = 2F6FD44227B3D8940091BD8D /* SceneDelegate.swift */; };
		2F6FD44527B3D8940091BD8D /* ViewController.swift in Sources */ = {isa = PBXBuildFile; fileRef = 2F6FD44427B3D8940091BD8D /* ViewController.swift */; };
		2F6FD44827B3D8940091BD8D /* Main.storyboard in Resources */ = {isa = PBXBuildFile; fileRef = 2F6FD44627B3D8940091BD8D /* Main.storyboard */; };
		2F6FD44A27B3D8980091BD8D /* Assets.xcassets in Resources */ = {isa = PBXBuildFile; fileRef = 2F6FD44927B3D8980091BD8D /* Assets.xcassets */; };
		2F6FD44D27B3D8980091BD8D /* LaunchScreen.storyboard in Resources */ = {isa = PBXBuildFile; fileRef = 2F6FD44B27B3D8980091BD8D /* LaunchScreen.storyboard */; };
		2F6FD46327B3D9C80091BD8D /* TestCase.swift in Sources */ = {isa = PBXBuildFile; fileRef = 2F6FD46227B3D9C80091BD8D /* TestCase.swift */; };
		2F6FD46527B3DC570091BD8D /* TearDownTestExample.swift in Sources */ = {isa = PBXBuildFile; fileRef = 2F6FD46427B3DC570091BD8D /* TearDownTestExample.swift */; };
		2F6FD46727B3E1220091BD8D /* OrderOfTestsExample.swift in Sources */ = {isa = PBXBuildFile; fileRef = 2F6FD46627B3E1220091BD8D /* OrderOfTestsExample.swift */; };
		2FB3DEB427BBB99100646826 /* Screen Shot 2022-02-08 at 12.05.27 PM.png in Resources */ = {isa = PBXBuildFile; fileRef = 2FB3DEAE27BBB99100646826 /* Screen Shot 2022-02-08 at 12.05.27 PM.png */; };
		2FB3DEB527BBB99100646826 /* Screen Shot 2022-02-09 at 1.54.16 PM.png in Resources */ = {isa = PBXBuildFile; fileRef = 2FB3DEAF27BBB99100646826 /* Screen Shot 2022-02-09 at 1.54.16 PM.png */; };
		2FB3DEB627BBB99100646826 /* Screen Shot 2022-02-09 at 1.55.45 PM.png in Resources */ = {isa = PBXBuildFile; fileRef = 2FB3DEB027BBB99100646826 /* Screen Shot 2022-02-09 at 1.55.45 PM.png */; };
		2FB3DEB727BBB99100646826 /* Screen Shot 2022-02-10 at 3.20.18 PM.png in Resources */ = {isa = PBXBuildFile; fileRef = 2FB3DEB127BBB99100646826 /* Screen Shot 2022-02-10 at 3.20.18 PM.png */; };
		2FB3DEB827BBB99100646826 /* Screen Shot 2022-02-10 at 3.23.19 PM.png in Resources */ = {isa = PBXBuildFile; fileRef = 2FB3DEB227BBB99100646826 /* Screen Shot 2022-02-10 at 3.23.19 PM.png */; };
		2FB3DEB927BBB99100646826 /* Screen Shot 2022-02-08 at 12.06.05 PM.png in Resources */ = {isa = PBXBuildFile; fileRef = 2FB3DEB327BBB99100646826 /* Screen Shot 2022-02-08 at 12.06.05 PM.png */; };
		2FB3DEBB27BBE83800646826 /* SignupFormModelValidatorTests.swift in Sources */ = {isa = PBXBuildFile; fileRef = 2FB3DEBA27BBE83700646826 /* SignupFormModelValidatorTests.swift */; };
		2FB3DEBD27BBE9C800646826 /* SignupFormModelValidator.swift in Sources */ = {isa = PBXBuildFile; fileRef = 2FB3DEBC27BBE9C800646826 /* SignupFormModelValidator.swift */; };
/* End PBXBuildFile section */

/* Begin PBXContainerItemProxy section */
		2F6FD45D27B3D8CC0091BD8D /* PBXContainerItemProxy */ = {
			isa = PBXContainerItemProxy;
			containerPortal = 2F6FD43527B3D8940091BD8D /* Project object */;
			proxyType = 1;
			remoteGlobalIDString = 2F6FD43C27B3D8940091BD8D;
			remoteInfo = "Let'sTrainTDD";
		};
/* End PBXContainerItemProxy section */

/* Begin PBXFileReference section */
		2F6FD43D27B3D8940091BD8D /* Let'sTrainTDD.app */ = {isa = PBXFileReference; explicitFileType = wrapper.application; includeInIndex = 0; path = "Let'sTrainTDD.app"; sourceTree = BUILT_PRODUCTS_DIR; };
		2F6FD44027B3D8940091BD8D /* AppDelegate.swift */ = {isa = PBXFileReference; lastKnownFileType = sourcecode.swift; path = AppDelegate.swift; sourceTree = "<group>"; };
		2F6FD44227B3D8940091BD8D /* SceneDelegate.swift */ = {isa = PBXFileReference; lastKnownFileType = sourcecode.swift; path = SceneDelegate.swift; sourceTree = "<group>"; };
		2F6FD44427B3D8940091BD8D /* ViewController.swift */ = {isa = PBXFileReference; lastKnownFileType = sourcecode.swift; path = ViewController.swift; sourceTree = "<group>"; };
		2F6FD44727B3D8940091BD8D /* Base */ = {isa = PBXFileReference; lastKnownFileType = file.storyboard; name = Base; path = Base.lproj/Main.storyboard; sourceTree = "<group>"; };
		2F6FD44927B3D8980091BD8D /* Assets.xcassets */ = {isa = PBXFileReference; lastKnownFileType = folder.assetcatalog; path = Assets.xcassets; sourceTree = "<group>"; };
		2F6FD44C27B3D8980091BD8D /* Base */ = {isa = PBXFileReference; lastKnownFileType = file.storyboard; name = Base; path = Base.lproj/LaunchScreen.storyboard; sourceTree = "<group>"; };
		2F6FD44E27B3D8980091BD8D /* Info.plist */ = {isa = PBXFileReference; lastKnownFileType = text.plist.xml; path = Info.plist; sourceTree = "<group>"; };
		2F6FD45827B3D8CC0091BD8D /* Let'sTrainTDDTests.xctest */ = {isa = PBXFileReference; explicitFileType = wrapper.cfbundle; includeInIndex = 0; path = "Let'sTrainTDDTests.xctest"; sourceTree = BUILT_PRODUCTS_DIR; };
		2F6FD45C27B3D8CC0091BD8D /* Info.plist */ = {isa = PBXFileReference; lastKnownFileType = text.plist.xml; path = Info.plist; sourceTree = "<group>"; };
		2F6FD46227B3D9C80091BD8D /* TestCase.swift */ = {isa = PBXFileReference; lastKnownFileType = sourcecode.swift; path = TestCase.swift; sourceTree = "<group>"; };
		2F6FD46427B3DC570091BD8D /* TearDownTestExample.swift */ = {isa = PBXFileReference; lastKnownFileType = sourcecode.swift; path = TearDownTestExample.swift; sourceTree = "<group>"; };
		2F6FD46627B3E1220091BD8D /* OrderOfTestsExample.swift */ = {isa = PBXFileReference; lastKnownFileType = sourcecode.swift; path = OrderOfTestsExample.swift; sourceTree = "<group>"; };
		2FB3DEAE27BBB99100646826 /* Screen Shot 2022-02-08 at 12.05.27 PM.png */ = {isa = PBXFileReference; lastKnownFileType = image.png; path = "Screen Shot 2022-02-08 at 12.05.27 PM.png"; sourceTree = "<group>"; };
		2FB3DEAF27BBB99100646826 /* Screen Shot 2022-02-09 at 1.54.16 PM.png */ = {isa = PBXFileReference; lastKnownFileType = image.png; path = "Screen Shot 2022-02-09 at 1.54.16 PM.png"; sourceTree = "<group>"; };
		2FB3DEB027BBB99100646826 /* Screen Shot 2022-02-09 at 1.55.45 PM.png */ = {isa = PBXFileReference; lastKnownFileType = image.png; path = "Screen Shot 2022-02-09 at 1.55.45 PM.png"; sourceTree = "<group>"; };
		2FB3DEB127BBB99100646826 /* Screen Shot 2022-02-10 at 3.20.18 PM.png */ = {isa = PBXFileReference; lastKnownFileType = image.png; path = "Screen Shot 2022-02-10 at 3.20.18 PM.png"; sourceTree = "<group>"; };
		2FB3DEB227BBB99100646826 /* Screen Shot 2022-02-10 at 3.23.19 PM.png */ = {isa = PBXFileReference; lastKnownFileType = image.png; path = "Screen Shot 2022-02-10 at 3.23.19 PM.png"; sourceTree = "<group>"; };
		2FB3DEB327BBB99100646826 /* Screen Shot 2022-02-08 at 12.06.05 PM.png */ = {isa = PBXFileReference; lastKnownFileType = image.png; path = "Screen Shot 2022-02-08 at 12.06.05 PM.png"; sourceTree = "<group>"; };
		2FB3DEBA27BBE83700646826 /* SignupFormModelValidatorTests.swift */ = {isa = PBXFileReference; lastKnownFileType = sourcecode.swift; path = SignupFormModelValidatorTests.swift; sourceTree = "<group>"; };
		2FB3DEBC27BBE9C800646826 /* SignupFormModelValidator.swift */ = {isa = PBXFileReference; lastKnownFileType = sourcecode.swift; path = SignupFormModelValidator.swift; sourceTree = "<group>"; };
/* End PBXFileReference section */

/* Begin PBXFrameworksBuildPhase section */
		2F6FD43A27B3D8940091BD8D /* Frameworks */ = {
			isa = PBXFrameworksBuildPhase;
			buildActionMask = 2147483647;
			files = (
			);
			runOnlyForDeploymentPostprocessing = 0;
		};
		2F6FD45527B3D8CC0091BD8D /* Frameworks */ = {
			isa = PBXFrameworksBuildPhase;
			buildActionMask = 2147483647;
			files = (
			);
			runOnlyForDeploymentPostprocessing = 0;
		};
/* End PBXFrameworksBuildPhase section */

/* Begin PBXGroup section */
		2F6FD43427B3D8940091BD8D = {
			isa = PBXGroup;
			children = (
				2F6FD43F27B3D8940091BD8D /* Let'sTrainTDD */,
				2F6FD45927B3D8CC0091BD8D /* Let'sTrainTDDTests */,
				2F6FD43E27B3D8940091BD8D /* Products */,
			);
			sourceTree = "<group>";
		};
		2F6FD43E27B3D8940091BD8D /* Products */ = {
			isa = PBXGroup;
			children = (
				2F6FD43D27B3D8940091BD8D /* Let'sTrainTDD.app */,
				2F6FD45827B3D8CC0091BD8D /* Let'sTrainTDDTests.xctest */,
			);
			name = Products;
			sourceTree = "<group>";
		};
		2F6FD43F27B3D8940091BD8D /* Let'sTrainTDD */ = {
			isa = PBXGroup;
			children = (
				2FB3DEAD27BBB99100646826 /* TDD-ImportantShots */,
				2F6FD44027B3D8940091BD8D /* AppDelegate.swift */,
				2F6FD44227B3D8940091BD8D /* SceneDelegate.swift */,
				2F6FD44427B3D8940091BD8D /* ViewController.swift */,
				2F6FD44627B3D8940091BD8D /* Main.storyboard */,
				2F6FD44927B3D8980091BD8D /* Assets.xcassets */,
				2F6FD44B27B3D8980091BD8D /* LaunchScreen.storyboard */,
				2F6FD44E27B3D8980091BD8D /* Info.plist */,
				2FB3DEBC27BBE9C800646826 /* SignupFormModelValidator.swift */,
			);
			path = "Let'sTrainTDD";
			sourceTree = "<group>";
		};
		2F6FD45927B3D8CC0091BD8D /* Let'sTrainTDDTests */ = {
			isa = PBXGroup;
			children = (
				2F6FD45C27B3D8CC0091BD8D /* Info.plist */,
				2F6FD46227B3D9C80091BD8D /* TestCase.swift */,
				2F6FD46427B3DC570091BD8D /* TearDownTestExample.swift */,
				2F6FD46627B3E1220091BD8D /* OrderOfTestsExample.swift */,
				2FB3DEBA27BBE83700646826 /* SignupFormModelValidatorTests.swift */,
			);
			path = "Let'sTrainTDDTests";
			sourceTree = "<group>";
		};
		2FB3DEAD27BBB99100646826 /* TDD-ImportantShots */ = {
			isa = PBXGroup;
			children = (
				2FB3DEAE27BBB99100646826 /* Screen Shot 2022-02-08 at 12.05.27 PM.png */,
				2FB3DEAF27BBB99100646826 /* Screen Shot 2022-02-09 at 1.54.16 PM.png */,
				2FB3DEB027BBB99100646826 /* Screen Shot 2022-02-09 at 1.55.45 PM.png */,
				2FB3DEB127BBB99100646826 /* Screen Shot 2022-02-10 at 3.20.18 PM.png */,
				2FB3DEB227BBB99100646826 /* Screen Shot 2022-02-10 at 3.23.19 PM.png */,
				2FB3DEB327BBB99100646826 /* Screen Shot 2022-02-08 at 12.06.05 PM.png */,
			);
			path = "TDD-ImportantShots";
			sourceTree = "<group>";
		};
/* End PBXGroup section */

/* Begin PBXNativeTarget section */
		2F6FD43C27B3D8940091BD8D /* Let'sTrainTDD */ = {
			isa = PBXNativeTarget;
			buildConfigurationList = 2F6FD45127B3D8980091BD8D /* Build configuration list for PBXNativeTarget "Let'sTrainTDD" */;
			buildPhases = (
				2F6FD43927B3D8940091BD8D /* Sources */,
				2F6FD43A27B3D8940091BD8D /* Frameworks */,
				2F6FD43B27B3D8940091BD8D /* Resources */,
			);
			buildRules = (
			);
			dependencies = (
			);
			name = "Let'sTrainTDD";
			productName = "Let'sTrainTDD";
			productReference = 2F6FD43D27B3D8940091BD8D /* Let'sTrainTDD.app */;
			productType = "com.apple.product-type.application";
		};
		2F6FD45727B3D8CC0091BD8D /* Let'sTrainTDDTests */ = {
			isa = PBXNativeTarget;
			buildConfigurationList = 2F6FD45F27B3D8CC0091BD8D /* Build configuration list for PBXNativeTarget "Let'sTrainTDDTests" */;
			buildPhases = (
				2F6FD45427B3D8CC0091BD8D /* Sources */,
				2F6FD45527B3D8CC0091BD8D /* Frameworks */,
				2F6FD45627B3D8CC0091BD8D /* Resources */,
			);
			buildRules = (
			);
			dependencies = (
				2F6FD45E27B3D8CC0091BD8D /* PBXTargetDependency */,
			);
			name = "Let'sTrainTDDTests";
			productName = "Let'sTrainTDDTests";
			productReference = 2F6FD45827B3D8CC0091BD8D /* Let'sTrainTDDTests.xctest */;
			productType = "com.apple.product-type.bundle.unit-test";
		};
/* End PBXNativeTarget section */

/* Begin PBXProject section */
		2F6FD43527B3D8940091BD8D /* Project object */ = {
			isa = PBXProject;
			attributes = {
				LastSwiftUpdateCheck = 1250;
				LastUpgradeCheck = 1250;
				TargetAttributes = {
					2F6FD43C27B3D8940091BD8D = {
						CreatedOnToolsVersion = 12.5.1;
					};
					2F6FD45727B3D8CC0091BD8D = {
						CreatedOnToolsVersion = 12.5.1;
						LastSwiftMigration = 1250;
						TestTargetID = 2F6FD43C27B3D8940091BD8D;
					};
				};
			};
			buildConfigurationList = 2F6FD43827B3D8940091BD8D /* Build configuration list for PBXProject "Let'sTrainTDD" */;
			compatibilityVersion = "Xcode 9.3";
			developmentRegion = en;
			hasScannedForEncodings = 0;
			knownRegions = (
				en,
				Base,
			);
			mainGroup = 2F6FD43427B3D8940091BD8D;
			productRefGroup = 2F6FD43E27B3D8940091BD8D /* Products */;
			projectDirPath = "";
			projectRoot = "";
			targets = (
				2F6FD43C27B3D8940091BD8D /* Let'sTrainTDD */,
				2F6FD45727B3D8CC0091BD8D /* Let'sTrainTDDTests */,
			);
		};
/* End PBXProject section */

/* Begin PBXResourcesBuildPhase section */
		2F6FD43B27B3D8940091BD8D /* Resources */ = {
			isa = PBXResourcesBuildPhase;
			buildActionMask = 2147483647;
			files = (
				2FB3DEB627BBB99100646826 /* Screen Shot 2022-02-09 at 1.55.45 PM.png in Resources */,
				2F6FD44D27B3D8980091BD8D /* LaunchScreen.storyboard in Resources */,
				2F6FD44A27B3D8980091BD8D /* Assets.xcassets in Resources */,
				2FB3DEB727BBB99100646826 /* Screen Shot 2022-02-10 at 3.20.18 PM.png in Resources */,
				2FB3DEB827BBB99100646826 /* Screen Shot 2022-02-10 at 3.23.19 PM.png in Resources */,
				2F6FD44827B3D8940091BD8D /* Main.storyboard in Resources */,
				2FB3DEB927BBB99100646826 /* Screen Shot 2022-02-08 at 12.06.05 PM.png in Resources */,
				2FB3DEB527BBB99100646826 /* Screen Shot 2022-02-09 at 1.54.16 PM.png in Resources */,
				2FB3DEB427BBB99100646826 /* Screen Shot 2022-02-08 at 12.05.27 PM.png in Resources */,
			);
			runOnlyForDeploymentPostprocessing = 0;
		};
		2F6FD45627B3D8CC0091BD8D /* Resources */ = {
			isa = PBXResourcesBuildPhase;
			buildActionMask = 2147483647;
			files = (
			);
			runOnlyForDeploymentPostprocessing = 0;
		};
/* End PBXResourcesBuildPhase section */

/* Begin PBXSourcesBuildPhase section */
		2F6FD43927B3D8940091BD8D /* Sources */ = {
			isa = PBXSourcesBuildPhase;
			buildActionMask = 2147483647;
			files = (
				2F6FD44527B3D8940091BD8D /* ViewController.swift in Sources */,
				2F6FD44127B3D8940091BD8D /* AppDelegate.swift in Sources */,
				2FB3DEBD27BBE9C800646826 /* SignupFormModelValidator.swift in Sources */,
				2F6FD44327B3D8940091BD8D /* SceneDelegate.swift in Sources */,
			);
			runOnlyForDeploymentPostprocessing = 0;
		};
		2F6FD45427B3D8CC0091BD8D /* Sources */ = {
			isa = PBXSourcesBuildPhase;
			buildActionMask = 2147483647;
			files = (
				2F6FD46727B3E1220091BD8D /* OrderOfTestsExample.swift in Sources */,
				2F6FD46527B3DC570091BD8D /* TearDownTestExample.swift in Sources */,
				2FB3DEBB27BBE83800646826 /* SignupFormModelValidatorTests.swift in Sources */,
				2F6FD46327B3D9C80091BD8D /* TestCase.swift in Sources */,
			);
			runOnlyForDeploymentPostprocessing = 0;
		};
/* End PBXSourcesBuildPhase section */

/* Begin PBXTargetDependency section */
		2F6FD45E27B3D8CC0091BD8D /* PBXTargetDependency */ = {
			isa = PBXTargetDependency;
			target = 2F6FD43C27B3D8940091BD8D /* Let'sTrainTDD */;
			targetProxy = 2F6FD45D27B3D8CC0091BD8D /* PBXContainerItemProxy */;
		};
/* End PBXTargetDependency section */

/* Begin PBXVariantGroup section */
		2F6FD44627B3D8940091BD8D /* Main.storyboard */ = {
			isa = PBXVariantGroup;
			children = (
				2F6FD44727B3D8940091BD8D /* Base */,
			);
			name = Main.storyboard;
			sourceTree = "<group>";
		};
		2F6FD44B27B3D8980091BD8D /* LaunchScreen.storyboard */ = {
			isa = PBXVariantGroup;
			children = (
				2F6FD44C27B3D8980091BD8D /* Base */,
			);
			name = LaunchScreen.storyboard;
			sourceTree = "<group>";
		};
/* End PBXVariantGroup section */

/* Begin XCBuildConfiguration section */
		2F6FD44F27B3D8980091BD8D /* Debug */ = {
			isa = XCBuildConfiguration;
			buildSettings = {
				ALWAYS_SEARCH_USER_PATHS = NO;
				CLANG_ANALYZER_NONNULL = YES;
				CLANG_ANALYZER_NUMBER_OBJECT_CONVERSION = YES_AGGRESSIVE;
				CLANG_CXX_LANGUAGE_STANDARD = "gnu++14";
				CLANG_CXX_LIBRARY = "libc++";
				CLANG_ENABLE_MODULES = YES;
				CLANG_ENABLE_OBJC_ARC = YES;
				CLANG_ENABLE_OBJC_WEAK = YES;
				CLANG_WARN_BLOCK_CAPTURE_AUTORELEASING = YES;
				CLANG_WARN_BOOL_CONVERSION = YES;
				CLANG_WARN_COMMA = YES;
				CLANG_WARN_CONSTANT_CONVERSION = YES;
				CLANG_WARN_DEPRECATED_OBJC_IMPLEMENTATIONS = YES;
				CLANG_WARN_DIRECT_OBJC_ISA_USAGE = YES_ERROR;
				CLANG_WARN_DOCUMENTATION_COMMENTS = YES;
				CLANG_WARN_EMPTY_BODY = YES;
				CLANG_WARN_ENUM_CONVERSION = YES;
				CLANG_WARN_INFINITE_RECURSION = YES;
				CLANG_WARN_INT_CONVERSION = YES;
				CLANG_WARN_NON_LITERAL_NULL_CONVERSION = YES;
				CLANG_WARN_OBJC_IMPLICIT_RETAIN_SELF = YES;
				CLANG_WARN_OBJC_LITERAL_CONVERSION = YES;
				CLANG_WARN_OBJC_ROOT_CLASS = YES_ERROR;
				CLANG_WARN_QUOTED_INCLUDE_IN_FRAMEWORK_HEADER = YES;
				CLANG_WARN_RANGE_LOOP_ANALYSIS = YES;
				CLANG_WARN_STRICT_PROTOTYPES = YES;
				CLANG_WARN_SUSPICIOUS_MOVE = YES;
				CLANG_WARN_UNGUARDED_AVAILABILITY = YES_AGGRESSIVE;
				CLANG_WARN_UNREACHABLE_CODE = YES;
				CLANG_WARN__DUPLICATE_METHOD_MATCH = YES;
				COPY_PHASE_STRIP = NO;
				DEBUG_INFORMATION_FORMAT = dwarf;
				ENABLE_STRICT_OBJC_MSGSEND = YES;
				ENABLE_TESTABILITY = YES;
				GCC_C_LANGUAGE_STANDARD = gnu11;
				GCC_DYNAMIC_NO_PIC = NO;
				GCC_NO_COMMON_BLOCKS = YES;
				GCC_OPTIMIZATION_LEVEL = 0;
				GCC_PREPROCESSOR_DEFINITIONS = (
					"DEBUG=1",
					"$(inherited)",
				);
				GCC_WARN_64_TO_32_BIT_CONVERSION = YES;
				GCC_WARN_ABOUT_RETURN_TYPE = YES_ERROR;
				GCC_WARN_UNDECLARED_SELECTOR = YES;
				GCC_WARN_UNINITIALIZED_AUTOS = YES_AGGRESSIVE;
				GCC_WARN_UNUSED_FUNCTION = YES;
				GCC_WARN_UNUSED_VARIABLE = YES;
				IPHONEOS_DEPLOYMENT_TARGET = 14.5;
				MTL_ENABLE_DEBUG_INFO = INCLUDE_SOURCE;
				MTL_FAST_MATH = YES;
				ONLY_ACTIVE_ARCH = YES;
				SDKROOT = iphoneos;
				SWIFT_ACTIVE_COMPILATION_CONDITIONS = DEBUG;
				SWIFT_OPTIMIZATION_LEVEL = "-Onone";
			};
			name = Debug;
		};
		2F6FD45027B3D8980091BD8D /* Release */ = {
			isa = XCBuildConfiguration;
			buildSettings = {
				ALWAYS_SEARCH_USER_PATHS = NO;
				CLANG_ANALYZER_NONNULL = YES;
				CLANG_ANALYZER_NUMBER_OBJECT_CONVERSION = YES_AGGRESSIVE;
				CLANG_CXX_LANGUAGE_STANDARD = "gnu++14";
				CLANG_CXX_LIBRARY = "libc++";
				CLANG_ENABLE_MODULES = YES;
				CLANG_ENABLE_OBJC_ARC = YES;
				CLANG_ENABLE_OBJC_WEAK = YES;
				CLANG_WARN_BLOCK_CAPTURE_AUTORELEASING = YES;
				CLANG_WARN_BOOL_CONVERSION = YES;
				CLANG_WARN_COMMA = YES;
				CLANG_WARN_CONSTANT_CONVERSION = YES;
				CLANG_WARN_DEPRECATED_OBJC_IMPLEMENTATIONS = YES;
				CLANG_WARN_DIRECT_OBJC_ISA_USAGE = YES_ERROR;
				CLANG_WARN_DOCUMENTATION_COMMENTS = YES;
				CLANG_WARN_EMPTY_BODY = YES;
				CLANG_WARN_ENUM_CONVERSION = YES;
				CLANG_WARN_INFINITE_RECURSION = YES;
				CLANG_WARN_INT_CONVERSION = YES;
				CLANG_WARN_NON_LITERAL_NULL_CONVERSION = YES;
				CLANG_WARN_OBJC_IMPLICIT_RETAIN_SELF = YES;
				CLANG_WARN_OBJC_LITERAL_CONVERSION = YES;
				CLANG_WARN_OBJC_ROOT_CLASS = YES_ERROR;
				CLANG_WARN_QUOTED_INCLUDE_IN_FRAMEWORK_HEADER = YES;
				CLANG_WARN_RANGE_LOOP_ANALYSIS = YES;
				CLANG_WARN_STRICT_PROTOTYPES = YES;
				CLANG_WARN_SUSPICIOUS_MOVE = YES;
				CLANG_WARN_UNGUARDED_AVAILABILITY = YES_AGGRESSIVE;
				CLANG_WARN_UNREACHABLE_CODE = YES;
				CLANG_WARN__DUPLICATE_METHOD_MATCH = YES;
				COPY_PHASE_STRIP = NO;
				DEBUG_INFORMATION_FORMAT = "dwarf-with-dsym";
				ENABLE_NS_ASSERTIONS = NO;
				ENABLE_STRICT_OBJC_MSGSEND = YES;
				GCC_C_LANGUAGE_STANDARD = gnu11;
				GCC_NO_COMMON_BLOCKS = YES;
				GCC_WARN_64_TO_32_BIT_CONVERSION = YES;
				GCC_WARN_ABOUT_RETURN_TYPE = YES_ERROR;
				GCC_WARN_UNDECLARED_SELECTOR = YES;
				GCC_WARN_UNINITIALIZED_AUTOS = YES_AGGRESSIVE;
				GCC_WARN_UNUSED_FUNCTION = YES;
				GCC_WARN_UNUSED_VARIABLE = YES;
				IPHONEOS_DEPLOYMENT_TARGET = 14.5;
				MTL_ENABLE_DEBUG_INFO = NO;
				MTL_FAST_MATH = YES;
				SDKROOT = iphoneos;
				SWIFT_COMPILATION_MODE = wholemodule;
				SWIFT_OPTIMIZATION_LEVEL = "-O";
				VALIDATE_PRODUCT = YES;
			};
			name = Release;
		};
		2F6FD45227B3D8980091BD8D /* Debug */ = {
			isa = XCBuildConfiguration;
			buildSettings = {
				ASSETCATALOG_COMPILER_APPICON_NAME = AppIcon;
				ASSETCATALOG_COMPILER_GLOBAL_ACCENT_COLOR_NAME = AccentColor;
				CODE_SIGN_STYLE = Automatic;
				INFOPLIST_FILE = "Let'sTrainTDD/Info.plist";
				LD_RUNPATH_SEARCH_PATHS = (
					"$(inherited)",
					"@executable_path/Frameworks",
				);
				PRODUCT_BUNDLE_IDENTIFIER = "com.Biko.Let-sTrainTDD";
				PRODUCT_NAME = "$(TARGET_NAME)";
				SWIFT_VERSION = 5.0;
				TARGETED_DEVICE_FAMILY = "1,2";
			};
			name = Debug;
		};
		2F6FD45327B3D8980091BD8D /* Release */ = {
			isa = XCBuildConfiguration;
			buildSettings = {
				ASSETCATALOG_COMPILER_APPICON_NAME = AppIcon;
				ASSETCATALOG_COMPILER_GLOBAL_ACCENT_COLOR_NAME = AccentColor;
				CODE_SIGN_STYLE = Automatic;
				INFOPLIST_FILE = "Let'sTrainTDD/Info.plist";
				LD_RUNPATH_SEARCH_PATHS = (
					"$(inherited)",
					"@executable_path/Frameworks",
				);
				PRODUCT_BUNDLE_IDENTIFIER = "com.Biko.Let-sTrainTDD";
				PRODUCT_NAME = "$(TARGET_NAME)";
				SWIFT_VERSION = 5.0;
				TARGETED_DEVICE_FAMILY = "1,2";
			};
			name = Release;
		};
		2F6FD46027B3D8CC0091BD8D /* Debug */ = {
			isa = XCBuildConfiguration;
			buildSettings = {
				BUNDLE_LOADER = "$(TEST_HOST)";
				CLANG_ENABLE_MODULES = YES;
				CODE_SIGN_STYLE = Automatic;
				INFOPLIST_FILE = "Let'sTrainTDDTests/Info.plist";
				LD_RUNPATH_SEARCH_PATHS = (
					"$(inherited)",
					"@executable_path/Frameworks",
					"@loader_path/Frameworks",
				);
				PRODUCT_BUNDLE_IDENTIFIER = "com.Biko.Let-sTrainTDDTests";
				PRODUCT_NAME = "$(TARGET_NAME)";
				SWIFT_OPTIMIZATION_LEVEL = "-Onone";
				SWIFT_VERSION = 5.0;
				TARGETED_DEVICE_FAMILY = "1,2";
				TEST_HOST = "$(BUILT_PRODUCTS_DIR)/Let'sTrainTDD.app/Let'sTrainTDD";
			};
			name = Debug;
		};
		2F6FD46127B3D8CC0091BD8D /* Release */ = {
			isa = XCBuildConfiguration;
			buildSettings = {
				BUNDLE_LOADER = "$(TEST_HOST)";
				CLANG_ENABLE_MODULES = YES;
				CODE_SIGN_STYLE = Automatic;
				INFOPLIST_FILE = "Let'sTrainTDDTests/Info.plist";
				LD_RUNPATH_SEARCH_PATHS = (
					"$(inherited)",
					"@executable_path/Frameworks",
					"@loader_path/Frameworks",
				);
				PRODUCT_BUNDLE_IDENTIFIER = "com.Biko.Let-sTrainTDDTests";
				PRODUCT_NAME = "$(TARGET_NAME)";
				SWIFT_VERSION = 5.0;
				TARGETED_DEVICE_FAMILY = "1,2";
				TEST_HOST = "$(BUILT_PRODUCTS_DIR)/Let'sTrainTDD.app/Let'sTrainTDD";
			};
			name = Release;
		};
/* End XCBuildConfiguration section */

/* Begin XCConfigurationList section */
		2F6FD43827B3D8940091BD8D /* Build configuration list for PBXProject "Let'sTrainTDD" */ = {
			isa = XCConfigurationList;
			buildConfigurations = (
				2F6FD44F27B3D8980091BD8D /* Debug */,
				2F6FD45027B3D8980091BD8D /* Release */,
			);
			defaultConfigurationIsVisible = 0;
			defaultConfigurationName = Release;
		};
		2F6FD45127B3D8980091BD8D /* Build configuration list for PBXNativeTarget "Let'sTrainTDD" */ = {
			isa = XCConfigurationList;
			buildConfigurations = (
				2F6FD45227B3D8980091BD8D /* Debug */,
				2F6FD45327B3D8980091BD8D /* Release */,
			);
			defaultConfigurationIsVisible = 0;
			defaultConfigurationName = Release;
		};
		2F6FD45F27B3D8CC0091BD8D /* Build configuration list for PBXNativeTarget "Let'sTrainTDDTests" */ = {
			isa = XCConfigurationList;
			buildConfigurations = (
				2F6FD46027B3D8CC0091BD8D /* Debug */,
				2F6FD46127B3D8CC0091BD8D /* Release */,
			);
			defaultConfigurationIsVisible = 0;
			defaultConfigurationName = Release;
		};
/* End XCConfigurationList section */
	};
	rootObject = 2F6FD43527B3D8940091BD8D /* Project object */;
}
